
Microsoft Visual Studio Solution File, Format Version 12.00
# Visual Studio Version 16
VisualStudioVersion = 16.0.30406.217
MinimumVisualStudioVersion = 10.0.40219.1
Project("{FAE04EC0-301F-11D3-BF4B-00C04F79EFBC}") = "ConsoleApp1", "ConsoleApp1\ConsoleApp1.csproj", "{B8CCD541-D090-4B7F-82B1-37AFC95FE2E8}"
EndProject
Global
	GlobalSection(SolutionConfigurationPlatforms) = preSolution
		Debug|Any CPU = Debug|Any CPU
		Release|Any CPU = Release|Any CPU
	EndGlobalSection
	GlobalSection(ProjectConfigurationPlatforms) = postSolution
		{B8CCD541-D090-4B7F-82B1-37AFC95FE2E8}.Debug|Any CPU.ActiveCfg = Debug|Any CPU
		{B8CCD541-D090-4B7F-82B1-37AFC95FE2E8}.Debug|Any CPU.Build.0 = Debug|Any CPU
		{B8CCD541-D090-4B7F-82B1-37AFC95FE2E8}.Release|Any CPU.ActiveCfg = Release|Any CPU
		{B8CCD541-D090-4B7F-82B1-37AFC95FE2E8}.Release|Any CPU.Build.0 = Release|Any CPU
	EndGlobalSection
	GlobalSection(SolutionProperties) = preSolution
		HideSolutionNode = FALSE
	EndGlobalSection
	GlobalSection(ExtensibilityGlobals) = postSolution
		SolutionGuid = {89AB5F67-3D6C-498A-8F4D-EC33193894C3}
	EndGlobalSection
EndGlobal
